// !$*UTF8*$!
{
	archiveVersion = 1;
	classes = {
	};
	objectVersion = 56;
	objects = {

/* Begin PBXBuildFile section */
		D9B603A42BF5277D007FBD16 /* Pokemon_MVVMApp.swift in Sources */ = {isa = PBXBuildFile; fileRef = D9B603A32BF5277D007FBD16 /* Pokemon_MVVMApp.swift */; };
		D9B603A62BF5277D007FBD16 /* ContentView.swift in Sources */ = {isa = PBXBuildFile; fileRef = D9B603A52BF5277D007FBD16 /* ContentView.swift */; };
		D9B603A82BF5277E007FBD16 /* Assets.xcassets in Resources */ = {isa = PBXBuildFile; fileRef = D9B603A72BF5277E007FBD16 /* Assets.xcassets */; };
		D9B603AC2BF5277E007FBD16 /* Preview Assets.xcassets in Resources */ = {isa = PBXBuildFile; fileRef = D9B603AB2BF5277E007FBD16 /* Preview Assets.xcassets */; };
		D9B603BA2BF52837007FBD16 /* PokemonListViewModel.swift in Sources */ = {isa = PBXBuildFile; fileRef = D9B603B92BF52837007FBD16 /* PokemonListViewModel.swift */; };
		D9B603BC2BF5284B007FBD16 /* PokemonListView.swift in Sources */ = {isa = PBXBuildFile; fileRef = D9B603BB2BF5284B007FBD16 /* PokemonListView.swift */; };
		D9B603BE2BF52889007FBD16 /* PokeApi.swift in Sources */ = {isa = PBXBuildFile; fileRef = D9B603BD2BF52889007FBD16 /* PokeApi.swift */; };
		D9B603C02BF528A1007FBD16 /* PokeService+Error.swift in Sources */ = {isa = PBXBuildFile; fileRef = D9B603BF2BF528A1007FBD16 /* PokeService+Error.swift */; };
		D9B603C22BF528BC007FBD16 /* PokeService.swift in Sources */ = {isa = PBXBuildFile; fileRef = D9B603C12BF528BC007FBD16 /* PokeService.swift */; };
		D9B603C52BF528ED007FBD16 /* PokemonResult.swift in Sources */ = {isa = PBXBuildFile; fileRef = D9B603C42BF528ED007FBD16 /* PokemonResult.swift */; };
		D9B603C72BF52905007FBD16 /* PokemonDetailResult.swift in Sources */ = {isa = PBXBuildFile; fileRef = D9B603C62BF52905007FBD16 /* PokemonDetailResult.swift */; };
		D9B603C92BF5291D007FBD16 /* PokemonEvolutionChainResult.swift in Sources */ = {isa = PBXBuildFile; fileRef = D9B603C82BF5291D007FBD16 /* PokemonEvolutionChainResult.swift */; };
		D9B603CB2BF52935007FBD16 /* PokemonSpeciesResult.swift in Sources */ = {isa = PBXBuildFile; fileRef = D9B603CA2BF52935007FBD16 /* PokemonSpeciesResult.swift */; };
		D9B603CD2BF52947007FBD16 /* PokemonTypeColor.swift in Sources */ = {isa = PBXBuildFile; fileRef = D9B603CC2BF52947007FBD16 /* PokemonTypeColor.swift */; };
		D9B603D02BF5296F007FBD16 /* Color+Ext.swift in Sources */ = {isa = PBXBuildFile; fileRef = D9B603CF2BF5296F007FBD16 /* Color+Ext.swift */; };
		D9B603D22BF52988007FBD16 /* Number+Ext.swift in Sources */ = {isa = PBXBuildFile; fileRef = D9B603D12BF52988007FBD16 /* Number+Ext.swift */; };
		D9B603D42BF529A0007FBD16 /* String+Ext.swift in Sources */ = {isa = PBXBuildFile; fileRef = D9B603D32BF529A0007FBD16 /* String+Ext.swift */; };
		D9B603D72BF52A73007FBD16 /* ViewState.swift in Sources */ = {isa = PBXBuildFile; fileRef = D9B603D62BF52A73007FBD16 /* ViewState.swift */; };
		D9B603D92BF52AA5007FBD16 /* PokemonListItemView.swift in Sources */ = {isa = PBXBuildFile; fileRef = D9B603D82BF52AA5007FBD16 /* PokemonListItemView.swift */; };
		D9B603DC2BF52C15007FBD16 /* JSONMapper.swift in Sources */ = {isa = PBXBuildFile; fileRef = D9B603DB2BF52C15007FBD16 /* JSONMapper.swift */; };
		D9B603DF2BF52C35007FBD16 /* MockResultFiles.swift in Sources */ = {isa = PBXBuildFile; fileRef = D9B603DE2BF52C35007FBD16 /* MockResultFiles.swift */; };
		D9B603E52BF52C85007FBD16 /* PokemonResult.json in Resources */ = {isa = PBXBuildFile; fileRef = D9B603E12BF52C85007FBD16 /* PokemonResult.json */; };
		D9B603E62BF52C85007FBD16 /* PokemonEvolutionChainResult.json in Resources */ = {isa = PBXBuildFile; fileRef = D9B603E22BF52C85007FBD16 /* PokemonEvolutionChainResult.json */; };
		D9B603E72BF52C85007FBD16 /* PokemonDetailResult.json in Resources */ = {isa = PBXBuildFile; fileRef = D9B603E32BF52C85007FBD16 /* PokemonDetailResult.json */; };
		D9B603E82BF52C85007FBD16 /* PokemonSpeciesResult.json in Resources */ = {isa = PBXBuildFile; fileRef = D9B603E42BF52C85007FBD16 /* PokemonSpeciesResult.json */; };
		D9B603EA2BF52CBE007FBD16 /* Theme.swift in Sources */ = {isa = PBXBuildFile; fileRef = D9B603E92BF52CBE007FBD16 /* Theme.swift */; };
		D9B603EF2BF52EB5007FBD16 /* SearchBar.swift in Sources */ = {isa = PBXBuildFile; fileRef = D9B603EE2BF52EB5007FBD16 /* SearchBar.swift */; };
/* End PBXBuildFile section */

/* Begin PBXFileReference section */
		D9B603A02BF5277D007FBD16 /* Pokemon-MVVM.app */ = {isa = PBXFileReference; explicitFileType = wrapper.application; includeInIndex = 0; path = "Pokemon-MVVM.app"; sourceTree = BUILT_PRODUCTS_DIR; };
		D9B603A32BF5277D007FBD16 /* Pokemon_MVVMApp.swift */ = {isa = PBXFileReference; lastKnownFileType = sourcecode.swift; path = Pokemon_MVVMApp.swift; sourceTree = "<group>"; };
		D9B603A52BF5277D007FBD16 /* ContentView.swift */ = {isa = PBXFileReference; lastKnownFileType = sourcecode.swift; path = ContentView.swift; sourceTree = "<group>"; };
		D9B603A72BF5277E007FBD16 /* Assets.xcassets */ = {isa = PBXFileReference; lastKnownFileType = folder.assetcatalog; path = Assets.xcassets; sourceTree = "<group>"; };
		D9B603A92BF5277E007FBD16 /* Pokemon_MVVM.entitlements */ = {isa = PBXFileReference; lastKnownFileType = text.plist.entitlements; path = Pokemon_MVVM.entitlements; sourceTree = "<group>"; };
		D9B603AB2BF5277E007FBD16 /* Preview Assets.xcassets */ = {isa = PBXFileReference; lastKnownFileType = folder.assetcatalog; path = "Preview Assets.xcassets"; sourceTree = "<group>"; };
		D9B603B92BF52837007FBD16 /* PokemonListViewModel.swift */ = {isa = PBXFileReference; lastKnownFileType = sourcecode.swift; path = PokemonListViewModel.swift; sourceTree = "<group>"; };
		D9B603BB2BF5284B007FBD16 /* PokemonListView.swift */ = {isa = PBXFileReference; lastKnownFileType = sourcecode.swift; path = PokemonListView.swift; sourceTree = "<group>"; };
		D9B603BD2BF52889007FBD16 /* PokeApi.swift */ = {isa = PBXFileReference; lastKnownFileType = sourcecode.swift; path = PokeApi.swift; sourceTree = "<group>"; };
		D9B603BF2BF528A1007FBD16 /* PokeService+Error.swift */ = {isa = PBXFileReference; lastKnownFileType = sourcecode.swift; path = "PokeService+Error.swift"; sourceTree = "<group>"; };
		D9B603C12BF528BC007FBD16 /* PokeService.swift */ = {isa = PBXFileReference; lastKnownFileType = sourcecode.swift; path = PokeService.swift; sourceTree = "<group>"; };
		D9B603C42BF528ED007FBD16 /* PokemonResult.swift */ = {isa = PBXFileReference; lastKnownFileType = sourcecode.swift; path = PokemonResult.swift; sourceTree = "<group>"; };
		D9B603C62BF52905007FBD16 /* PokemonDetailResult.swift */ = {isa = PBXFileReference; lastKnownFileType = sourcecode.swift; path = PokemonDetailResult.swift; sourceTree = "<group>"; };
		D9B603C82BF5291D007FBD16 /* PokemonEvolutionChainResult.swift */ = {isa = PBXFileReference; lastKnownFileType = sourcecode.swift; path = PokemonEvolutionChainResult.swift; sourceTree = "<group>"; };
		D9B603CA2BF52935007FBD16 /* PokemonSpeciesResult.swift */ = {isa = PBXFileReference; lastKnownFileType = sourcecode.swift; path = PokemonSpeciesResult.swift; sourceTree = "<group>"; };
		D9B603CC2BF52947007FBD16 /* PokemonTypeColor.swift */ = {isa = PBXFileReference; lastKnownFileType = sourcecode.swift; path = PokemonTypeColor.swift; sourceTree = "<group>"; };
		D9B603CF2BF5296F007FBD16 /* Color+Ext.swift */ = {isa = PBXFileReference; lastKnownFileType = sourcecode.swift; path = "Color+Ext.swift"; sourceTree = "<group>"; };
		D9B603D12BF52988007FBD16 /* Number+Ext.swift */ = {isa = PBXFileReference; lastKnownFileType = sourcecode.swift; path = "Number+Ext.swift"; sourceTree = "<group>"; };
		D9B603D32BF529A0007FBD16 /* String+Ext.swift */ = {isa = PBXFileReference; lastKnownFileType = sourcecode.swift; path = "String+Ext.swift"; sourceTree = "<group>"; };
		D9B603D62BF52A73007FBD16 /* ViewState.swift */ = {isa = PBXFileReference; lastKnownFileType = sourcecode.swift; path = ViewState.swift; sourceTree = "<group>"; };
		D9B603D82BF52AA5007FBD16 /* PokemonListItemView.swift */ = {isa = PBXFileReference; lastKnownFileType = sourcecode.swift; path = PokemonListItemView.swift; sourceTree = "<group>"; };
		D9B603DB2BF52C15007FBD16 /* JSONMapper.swift */ = {isa = PBXFileReference; lastKnownFileType = sourcecode.swift; path = JSONMapper.swift; sourceTree = "<group>"; };
		D9B603DE2BF52C35007FBD16 /* MockResultFiles.swift */ = {isa = PBXFileReference; lastKnownFileType = sourcecode.swift; path = MockResultFiles.swift; sourceTree = "<group>"; };
		D9B603E12BF52C85007FBD16 /* PokemonResult.json */ = {isa = PBXFileReference; fileEncoding = 4; lastKnownFileType = text.json; path = PokemonResult.json; sourceTree = "<group>"; };
		D9B603E22BF52C85007FBD16 /* PokemonEvolutionChainResult.json */ = {isa = PBXFileReference; fileEncoding = 4; lastKnownFileType = text.json; path = PokemonEvolutionChainResult.json; sourceTree = "<group>"; };
		D9B603E32BF52C85007FBD16 /* PokemonDetailResult.json */ = {isa = PBXFileReference; fileEncoding = 4; lastKnownFileType = text.json; path = PokemonDetailResult.json; sourceTree = "<group>"; };
		D9B603E42BF52C85007FBD16 /* PokemonSpeciesResult.json */ = {isa = PBXFileReference; fileEncoding = 4; lastKnownFileType = text.json; path = PokemonSpeciesResult.json; sourceTree = "<group>"; };
		D9B603E92BF52CBE007FBD16 /* Theme.swift */ = {isa = PBXFileReference; lastKnownFileType = sourcecode.swift; path = Theme.swift; sourceTree = "<group>"; };
		D9B603EE2BF52EB5007FBD16 /* SearchBar.swift */ = {isa = PBXFileReference; lastKnownFileType = sourcecode.swift; path = SearchBar.swift; sourceTree = "<group>"; };
/* End PBXFileReference section */

/* Begin PBXFrameworksBuildPhase section */
		D9B6039D2BF5277D007FBD16 /* Frameworks */ = {
			isa = PBXFrameworksBuildPhase;
			buildActionMask = 2147483647;
			files = (
			);
			runOnlyForDeploymentPostprocessing = 0;
		};
/* End PBXFrameworksBuildPhase section */

/* Begin PBXGroup section */
		D9B603972BF5277D007FBD16 = {
			isa = PBXGroup;
			children = (
				D9B603A22BF5277D007FBD16 /* Pokemon-MVVM */,
				D9B603A12BF5277D007FBD16 /* Products */,
			);
			sourceTree = "<group>";
		};
		D9B603A12BF5277D007FBD16 /* Products */ = {
			isa = PBXGroup;
			children = (
				D9B603A02BF5277D007FBD16 /* Pokemon-MVVM.app */,
			);
			name = Products;
			sourceTree = "<group>";
		};
		D9B603A22BF5277D007FBD16 /* Pokemon-MVVM */ = {
			isa = PBXGroup;
			children = (
				D9B603B52BF527AC007FBD16 /* App */,
				D9B603B62BF527ED007FBD16 /* Resources */,
				D9B603B42BF527A8007FBD16 /* Shared */,
				D9B603B32BF52794007FBD16 /* Networking */,
				D9B603B22BF5278B007FBD16 /* Features */,
				D9B603A52BF5277D007FBD16 /* ContentView.swift */,
				D9B603A92BF5277E007FBD16 /* Pokemon_MVVM.entitlements */,
				D9B603AA2BF5277E007FBD16 /* Preview Content */,
			);
			path = "Pokemon-MVVM";
			sourceTree = "<group>";
		};
		D9B603AA2BF5277E007FBD16 /* Preview Content */ = {
			isa = PBXGroup;
			children = (
				D9B603AB2BF5277E007FBD16 /* Preview Assets.xcassets */,
			);
			path = "Preview Content";
			sourceTree = "<group>";
		};
		D9B603B22BF5278B007FBD16 /* Features */ = {
			isa = PBXGroup;
			children = (
				D9B603B72BF52820007FBD16 /* PorkemonList */,
			);
			path = Features;
			sourceTree = "<group>";
		};
		D9B603B32BF52794007FBD16 /* Networking */ = {
			isa = PBXGroup;
			children = (
				D9B603BD2BF52889007FBD16 /* PokeApi.swift */,
				D9B603BF2BF528A1007FBD16 /* PokeService+Error.swift */,
				D9B603C12BF528BC007FBD16 /* PokeService.swift */,
			);
			path = Networking;
			sourceTree = "<group>";
		};
		D9B603B42BF527A8007FBD16 /* Shared */ = {
			isa = PBXGroup;
			children = (
				D9B603ED2BF52EAC007FBD16 /* Components */,
				D9B603DA2BF52C0C007FBD16 /* Mapper */,
				D9B603D52BF52A6C007FBD16 /* State */,
				D9B603CE2BF52969007FBD16 /* Extensions */,
				D9B603C32BF528DD007FBD16 /* Models */,
			);
			path = Shared;
			sourceTree = "<group>";
		};
		D9B603B52BF527AC007FBD16 /* App */ = {
			isa = PBXGroup;
			children = (
				D9B603A32BF5277D007FBD16 /* Pokemon_MVVMApp.swift */,
			);
			path = App;
			sourceTree = "<group>";
		};
		D9B603B62BF527ED007FBD16 /* Resources */ = {
			isa = PBXGroup;
			children = (
				D9B603A72BF5277E007FBD16 /* Assets.xcassets */,
				D9B603E92BF52CBE007FBD16 /* Theme.swift */,
			);
			path = Resources;
			sourceTree = "<group>";
		};
		D9B603B72BF52820007FBD16 /* PorkemonList */ = {
			isa = PBXGroup;
			children = (
				D9B603B82BF52827007FBD16 /* ViewModel */,
				D9B603BB2BF5284B007FBD16 /* PokemonListView.swift */,
				D9B603D82BF52AA5007FBD16 /* PokemonListItemView.swift */,
			);
			path = PorkemonList;
			sourceTree = "<group>";
		};
		D9B603B82BF52827007FBD16 /* ViewModel */ = {
			isa = PBXGroup;
			children = (
				D9B603B92BF52837007FBD16 /* PokemonListViewModel.swift */,
			);
			path = ViewModel;
			sourceTree = "<group>";
		};
		D9B603C32BF528DD007FBD16 /* Models */ = {
			isa = PBXGroup;
			children = (
				D9B603C42BF528ED007FBD16 /* PokemonResult.swift */,
				D9B603C62BF52905007FBD16 /* PokemonDetailResult.swift */,
				D9B603C82BF5291D007FBD16 /* PokemonEvolutionChainResult.swift */,
				D9B603CA2BF52935007FBD16 /* PokemonSpeciesResult.swift */,
				D9B603CC2BF52947007FBD16 /* PokemonTypeColor.swift */,
			);
			path = Models;
			sourceTree = "<group>";
		};
		D9B603CE2BF52969007FBD16 /* Extensions */ = {
			isa = PBXGroup;
			children = (
				D9B603CF2BF5296F007FBD16 /* Color+Ext.swift */,
				D9B603D12BF52988007FBD16 /* Number+Ext.swift */,
				D9B603D32BF529A0007FBD16 /* String+Ext.swift */,
			);
			path = Extensions;
			sourceTree = "<group>";
		};
		D9B603D52BF52A6C007FBD16 /* State */ = {
			isa = PBXGroup;
			children = (
				D9B603D62BF52A73007FBD16 /* ViewState.swift */,
			);
			path = State;
			sourceTree = "<group>";
		};
		D9B603DA2BF52C0C007FBD16 /* Mapper */ = {
			isa = PBXGroup;
			children = (
				D9B603DD2BF52C2A007FBD16 /* Mock */,
				D9B603DB2BF52C15007FBD16 /* JSONMapper.swift */,
			);
			path = Mapper;
			sourceTree = "<group>";
		};
		D9B603DD2BF52C2A007FBD16 /* Mock */ = {
			isa = PBXGroup;
			children = (
				D9B603E02BF52C74007FBD16 /* Json */,
				D9B603DE2BF52C35007FBD16 /* MockResultFiles.swift */,
			);
			path = Mock;
			sourceTree = "<group>";
		};
		D9B603E02BF52C74007FBD16 /* Json */ = {
			isa = PBXGroup;
			children = (
				D9B603E32BF52C85007FBD16 /* PokemonDetailResult.json */,
				D9B603E22BF52C85007FBD16 /* PokemonEvolutionChainResult.json */,
				D9B603E12BF52C85007FBD16 /* PokemonResult.json */,
				D9B603E42BF52C85007FBD16 /* PokemonSpeciesResult.json */,
			);
			path = Json;
			sourceTree = "<group>";
		};
		D9B603ED2BF52EAC007FBD16 /* Components */ = {
			isa = PBXGroup;
			children = (
				D9B603EE2BF52EB5007FBD16 /* SearchBar.swift */,
			);
			path = Components;
			sourceTree = "<group>";
		};
/* End PBXGroup section */

/* Begin PBXNativeTarget section */
		D9B6039F2BF5277D007FBD16 /* Pokemon-MVVM */ = {
			isa = PBXNativeTarget;
			buildConfigurationList = D9B603AF2BF5277E007FBD16 /* Build configuration list for PBXNativeTarget "Pokemon-MVVM" */;
			buildPhases = (
				D9B6039C2BF5277D007FBD16 /* Sources */,
				D9B6039D2BF5277D007FBD16 /* Frameworks */,
				D9B6039E2BF5277D007FBD16 /* Resources */,
			);
			buildRules = (
			);
			dependencies = (
			);
			name = "Pokemon-MVVM";
			productName = "Pokemon-MVVM";
			productReference = D9B603A02BF5277D007FBD16 /* Pokemon-MVVM.app */;
			productType = "com.apple.product-type.application";
		};
/* End PBXNativeTarget section */

/* Begin PBXProject section */
		D9B603982BF5277D007FBD16 /* Project object */ = {
			isa = PBXProject;
			attributes = {
				BuildIndependentTargetsInParallel = 1;
				LastSwiftUpdateCheck = 1540;
				LastUpgradeCheck = 1540;
				TargetAttributes = {
					D9B6039F2BF5277D007FBD16 = {
						CreatedOnToolsVersion = 15.4;
					};
				};
			};
			buildConfigurationList = D9B6039B2BF5277D007FBD16 /* Build configuration list for PBXProject "Pokemon-MVVM" */;
			compatibilityVersion = "Xcode 14.0";
			developmentRegion = en;
			hasScannedForEncodings = 0;
			knownRegions = (
				en,
				Base,
			);
			mainGroup = D9B603972BF5277D007FBD16;
			productRefGroup = D9B603A12BF5277D007FBD16 /* Products */;
			projectDirPath = "";
			projectRoot = "";
			targets = (
				D9B6039F2BF5277D007FBD16 /* Pokemon-MVVM */,
			);
		};
/* End PBXProject section */

/* Begin PBXResourcesBuildPhase section */
		D9B6039E2BF5277D007FBD16 /* Resources */ = {
			isa = PBXResourcesBuildPhase;
			buildActionMask = 2147483647;
			files = (
				D9B603E72BF52C85007FBD16 /* PokemonDetailResult.json in Resources */,
				D9B603E62BF52C85007FBD16 /* PokemonEvolutionChainResult.json in Resources */,
				D9B603E52BF52C85007FBD16 /* PokemonResult.json in Resources */,
				D9B603AC2BF5277E007FBD16 /* Preview Assets.xcassets in Resources */,
				D9B603A82BF5277E007FBD16 /* Assets.xcassets in Resources */,
				D9B603E82BF52C85007FBD16 /* PokemonSpeciesResult.json in Resources */,
			);
			runOnlyForDeploymentPostprocessing = 0;
		};
/* End PBXResourcesBuildPhase section */

/* Begin PBXSourcesBuildPhase section */
		D9B6039C2BF5277D007FBD16 /* Sources */ = {
			isa = PBXSourcesBuildPhase;
			buildActionMask = 2147483647;
			files = (
				D9B603BC2BF5284B007FBD16 /* PokemonListView.swift in Sources */,
				D9B603A62BF5277D007FBD16 /* ContentView.swift in Sources */,
				D9B603C92BF5291D007FBD16 /* PokemonEvolutionChainResult.swift in Sources */,
				D9B603D42BF529A0007FBD16 /* String+Ext.swift in Sources */,
				D9B603BA2BF52837007FBD16 /* PokemonListViewModel.swift in Sources */,
				D9B603D22BF52988007FBD16 /* Number+Ext.swift in Sources */,
				D9B603DF2BF52C35007FBD16 /* MockResultFiles.swift in Sources */,
				D9B603D72BF52A73007FBD16 /* ViewState.swift in Sources */,
				D9B603D02BF5296F007FBD16 /* Color+Ext.swift in Sources */,
				D9B603C22BF528BC007FBD16 /* PokeService.swift in Sources */,
				D9B603C02BF528A1007FBD16 /* PokeService+Error.swift in Sources */,
				D9B603A42BF5277D007FBD16 /* Pokemon_MVVMApp.swift in Sources */,
				D9B603CB2BF52935007FBD16 /* PokemonSpeciesResult.swift in Sources */,
				D9B603C72BF52905007FBD16 /* PokemonDetailResult.swift in Sources */,
				D9B603EF2BF52EB5007FBD16 /* SearchBar.swift in Sources */,
				D9B603D92BF52AA5007FBD16 /* PokemonListItemView.swift in Sources */,
				D9B603C52BF528ED007FBD16 /* PokemonResult.swift in Sources */,
				D9B603BE2BF52889007FBD16 /* PokeApi.swift in Sources */,
				D9B603EA2BF52CBE007FBD16 /* Theme.swift in Sources */,
				D9B603DC2BF52C15007FBD16 /* JSONMapper.swift in Sources */,
				D9B603CD2BF52947007FBD16 /* PokemonTypeColor.swift in Sources */,
			);
			runOnlyForDeploymentPostprocessing = 0;
		};
/* End PBXSourcesBuildPhase section */

/* Begin XCBuildConfiguration section */
		D9B603AD2BF5277E007FBD16 /* Debug */ = {
			isa = XCBuildConfiguration;
			buildSettings = {
				ALWAYS_SEARCH_USER_PATHS = NO;
				ASSETCATALOG_COMPILER_GENERATE_SWIFT_ASSET_SYMBOL_EXTENSIONS = YES;
				CLANG_ANALYZER_NONNULL = YES;
				CLANG_ANALYZER_NUMBER_OBJECT_CONVERSION = YES_AGGRESSIVE;
				CLANG_CXX_LANGUAGE_STANDARD = "gnu++20";
				CLANG_ENABLE_MODULES = YES;
				CLANG_ENABLE_OBJC_ARC = YES;
				CLANG_ENABLE_OBJC_WEAK = YES;
				CLANG_WARN_BLOCK_CAPTURE_AUTORELEASING = YES;
				CLANG_WARN_BOOL_CONVERSION = YES;
				CLANG_WARN_COMMA = YES;
				CLANG_WARN_CONSTANT_CONVERSION = YES;
				CLANG_WARN_DEPRECATED_OBJC_IMPLEMENTATIONS = YES;
				CLANG_WARN_DIRECT_OBJC_ISA_USAGE = YES_ERROR;
				CLANG_WARN_DOCUMENTATION_COMMENTS = YES;
				CLANG_WARN_EMPTY_BODY = YES;
				CLANG_WARN_ENUM_CONVERSION = YES;
				CLANG_WARN_INFINITE_RECURSION = YES;
				CLANG_WARN_INT_CONVERSION = YES;
				CLANG_WARN_NON_LITERAL_NULL_CONVERSION = YES;
				CLANG_WARN_OBJC_IMPLICIT_RETAIN_SELF = YES;
				CLANG_WARN_OBJC_LITERAL_CONVERSION = YES;
				CLANG_WARN_OBJC_ROOT_CLASS = YES_ERROR;
				CLANG_WARN_QUOTED_INCLUDE_IN_FRAMEWORK_HEADER = YES;
				CLANG_WARN_RANGE_LOOP_ANALYSIS = YES;
				CLANG_WARN_STRICT_PROTOTYPES = YES;
				CLANG_WARN_SUSPICIOUS_MOVE = YES;
				CLANG_WARN_UNGUARDED_AVAILABILITY = YES_AGGRESSIVE;
				CLANG_WARN_UNREACHABLE_CODE = YES;
				CLANG_WARN__DUPLICATE_METHOD_MATCH = YES;
				COPY_PHASE_STRIP = NO;
				DEBUG_INFORMATION_FORMAT = dwarf;
				ENABLE_STRICT_OBJC_MSGSEND = YES;
				ENABLE_TESTABILITY = YES;
				ENABLE_USER_SCRIPT_SANDBOXING = YES;
				GCC_C_LANGUAGE_STANDARD = gnu17;
				GCC_DYNAMIC_NO_PIC = NO;
				GCC_NO_COMMON_BLOCKS = YES;
				GCC_OPTIMIZATION_LEVEL = 0;
				GCC_PREPROCESSOR_DEFINITIONS = (
					"DEBUG=1",
					"$(inherited)",
				);
				GCC_WARN_64_TO_32_BIT_CONVERSION = YES;
				GCC_WARN_ABOUT_RETURN_TYPE = YES_ERROR;
				GCC_WARN_UNDECLARED_SELECTOR = YES;
				GCC_WARN_UNINITIALIZED_AUTOS = YES_AGGRESSIVE;
				GCC_WARN_UNUSED_FUNCTION = YES;
				GCC_WARN_UNUSED_VARIABLE = YES;
				LOCALIZATION_PREFERS_STRING_CATALOGS = YES;
				MTL_ENABLE_DEBUG_INFO = INCLUDE_SOURCE;
				MTL_FAST_MATH = YES;
				ONLY_ACTIVE_ARCH = YES;
				SWIFT_ACTIVE_COMPILATION_CONDITIONS = "DEBUG $(inherited)";
				SWIFT_OPTIMIZATION_LEVEL = "-Onone";
			};
			name = Debug;
		};
		D9B603AE2BF5277E007FBD16 /* Release */ = {
			isa = XCBuildConfiguration;
			buildSettings = {
				ALWAYS_SEARCH_USER_PATHS = NO;
				ASSETCATALOG_COMPILER_GENERATE_SWIFT_ASSET_SYMBOL_EXTENSIONS = YES;
				CLANG_ANALYZER_NONNULL = YES;
				CLANG_ANALYZER_NUMBER_OBJECT_CONVERSION = YES_AGGRESSIVE;
				CLANG_CXX_LANGUAGE_STANDARD = "gnu++20";
				CLANG_ENABLE_MODULES = YES;
				CLANG_ENABLE_OBJC_ARC = YES;
				CLANG_ENABLE_OBJC_WEAK = YES;
				CLANG_WARN_BLOCK_CAPTURE_AUTORELEASING = YES;
				CLANG_WARN_BOOL_CONVERSION = YES;
				CLANG_WARN_COMMA = YES;
				CLANG_WARN_CONSTANT_CONVERSION = YES;
				CLANG_WARN_DEPRECATED_OBJC_IMPLEMENTATIONS = YES;
				CLANG_WARN_DIRECT_OBJC_ISA_USAGE = YES_ERROR;
				CLANG_WARN_DOCUMENTATION_COMMENTS = YES;
				CLANG_WARN_EMPTY_BODY = YES;
				CLANG_WARN_ENUM_CONVERSION = YES;
				CLANG_WARN_INFINITE_RECURSION = YES;
				CLANG_WARN_INT_CONVERSION = YES;
				CLANG_WARN_NON_LITERAL_NULL_CONVERSION = YES;
				CLANG_WARN_OBJC_IMPLICIT_RETAIN_SELF = YES;
				CLANG_WARN_OBJC_LITERAL_CONVERSION = YES;
				CLANG_WARN_OBJC_ROOT_CLASS = YES_ERROR;
				CLANG_WARN_QUOTED_INCLUDE_IN_FRAMEWORK_HEADER = YES;
				CLANG_WARN_RANGE_LOOP_ANALYSIS = YES;
				CLANG_WARN_STRICT_PROTOTYPES = YES;
				CLANG_WARN_SUSPICIOUS_MOVE = YES;
				CLANG_WARN_UNGUARDED_AVAILABILITY = YES_AGGRESSIVE;
				CLANG_WARN_UNREACHABLE_CODE = YES;
				CLANG_WARN__DUPLICATE_METHOD_MATCH = YES;
				COPY_PHASE_STRIP = NO;
				DEBUG_INFORMATION_FORMAT = "dwarf-with-dsym";
				ENABLE_NS_ASSERTIONS = NO;
				ENABLE_STRICT_OBJC_MSGSEND = YES;
				ENABLE_USER_SCRIPT_SANDBOXING = YES;
				GCC_C_LANGUAGE_STANDARD = gnu17;
				GCC_NO_COMMON_BLOCKS = YES;
				GCC_WARN_64_TO_32_BIT_CONVERSION = YES;
				GCC_WARN_ABOUT_RETURN_TYPE = YES_ERROR;
				GCC_WARN_UNDECLARED_SELECTOR = YES;
				GCC_WARN_UNINITIALIZED_AUTOS = YES_AGGRESSIVE;
				GCC_WARN_UNUSED_FUNCTION = YES;
				GCC_WARN_UNUSED_VARIABLE = YES;
				LOCALIZATION_PREFERS_STRING_CATALOGS = YES;
				MTL_ENABLE_DEBUG_INFO = NO;
				MTL_FAST_MATH = YES;
				SWIFT_COMPILATION_MODE = wholemodule;
			};
			name = Release;
		};
		D9B603B02BF5277E007FBD16 /* Debug */ = {
			isa = XCBuildConfiguration;
			buildSettings = {
				ASSETCATALOG_COMPILER_APPICON_NAME = AppIcon;
				ASSETCATALOG_COMPILER_GLOBAL_ACCENT_COLOR_NAME = AccentColor;
				CODE_SIGN_ENTITLEMENTS = "Pokemon-MVVM/Pokemon_MVVM.entitlements";
				CODE_SIGN_STYLE = Automatic;
				CURRENT_PROJECT_VERSION = 1;
				DEVELOPMENT_ASSET_PATHS = "\"Pokemon-MVVM/Preview Content\"";
				ENABLE_PREVIEWS = YES;
				GENERATE_INFOPLIST_FILE = YES;
				"INFOPLIST_KEY_UIApplicationSceneManifest_Generation[sdk=iphoneos*]" = YES;
				"INFOPLIST_KEY_UIApplicationSceneManifest_Generation[sdk=iphonesimulator*]" = YES;
				"INFOPLIST_KEY_UIApplicationSupportsIndirectInputEvents[sdk=iphoneos*]" = YES;
				"INFOPLIST_KEY_UIApplicationSupportsIndirectInputEvents[sdk=iphonesimulator*]" = YES;
				"INFOPLIST_KEY_UILaunchScreen_Generation[sdk=iphoneos*]" = YES;
				"INFOPLIST_KEY_UILaunchScreen_Generation[sdk=iphonesimulator*]" = YES;
				"INFOPLIST_KEY_UIStatusBarStyle[sdk=iphoneos*]" = UIStatusBarStyleDefault;
				"INFOPLIST_KEY_UIStatusBarStyle[sdk=iphonesimulator*]" = UIStatusBarStyleDefault;
				INFOPLIST_KEY_UISupportedInterfaceOrientations_iPad = "UIInterfaceOrientationPortrait UIInterfaceOrientationPortraitUpsideDown UIInterfaceOrientationLandscapeLeft UIInterfaceOrientationLandscapeRight";
				INFOPLIST_KEY_UISupportedInterfaceOrientations_iPhone = "UIInterfaceOrientationPortrait UIInterfaceOrientationLandscapeLeft UIInterfaceOrientationLandscapeRight";
				IPHONEOS_DEPLOYMENT_TARGET = 17.5;
				LD_RUNPATH_SEARCH_PATHS = "@executable_path/Frameworks";
				"LD_RUNPATH_SEARCH_PATHS[sdk=macosx*]" = "@executable_path/../Frameworks";
				MACOSX_DEPLOYMENT_TARGET = 14.4;
				MARKETING_VERSION = 1.0;
				PRODUCT_BUNDLE_IDENTIFIER = "xyz.rogertjr.Pokemon-MVVM";
				PRODUCT_NAME = "$(TARGET_NAME)";
				SDKROOT = auto;
				SUPPORTED_PLATFORMS = "iphoneos iphonesimulator macosx";
				SWIFT_EMIT_LOC_STRINGS = YES;
				SWIFT_VERSION = 5.0;
				TARGETED_DEVICE_FAMILY = "1,2";
			};
			name = Debug;
		};
		D9B603B12BF5277E007FBD16 /* Release */ = {
			isa = XCBuildConfiguration;
			buildSettings = {
				ASSETCATALOG_COMPILER_APPICON_NAME = AppIcon;
				ASSETCATALOG_COMPILER_GLOBAL_ACCENT_COLOR_NAME = AccentColor;
				CODE_SIGN_ENTITLEMENTS = "Pokemon-MVVM/Pokemon_MVVM.entitlements";
				CODE_SIGN_STYLE = Automatic;
				CURRENT_PROJECT_VERSION = 1;
				DEVELOPMENT_ASSET_PATHS = "\"Pokemon-MVVM/Preview Content\"";
				ENABLE_PREVIEWS = YES;
				GENERATE_INFOPLIST_FILE = YES;
				"INFOPLIST_KEY_UIApplicationSceneManifest_Generation[sdk=iphoneos*]" = YES;
				"INFOPLIST_KEY_UIApplicationSceneManifest_Generation[sdk=iphonesimulator*]" = YES;
				"INFOPLIST_KEY_UIApplicationSupportsIndirectInputEvents[sdk=iphoneos*]" = YES;
				"INFOPLIST_KEY_UIApplicationSupportsIndirectInputEvents[sdk=iphonesimulator*]" = YES;
				"INFOPLIST_KEY_UILaunchScreen_Generation[sdk=iphoneos*]" = YES;
				"INFOPLIST_KEY_UILaunchScreen_Generation[sdk=iphonesimulator*]" = YES;
				"INFOPLIST_KEY_UIStatusBarStyle[sdk=iphoneos*]" = UIStatusBarStyleDefault;
				"INFOPLIST_KEY_UIStatusBarStyle[sdk=iphonesimulator*]" = UIStatusBarStyleDefault;
				INFOPLIST_KEY_UISupportedInterfaceOrientations_iPad = "UIInterfaceOrientationPortrait UIInterfaceOrientationPortraitUpsideDown UIInterfaceOrientationLandscapeLeft UIInterfaceOrientationLandscapeRight";
				INFOPLIST_KEY_UISupportedInterfaceOrientations_iPhone = "UIInterfaceOrientationPortrait UIInterfaceOrientationLandscapeLeft UIInterfaceOrientationLandscapeRight";
				IPHONEOS_DEPLOYMENT_TARGET = 17.5;
				LD_RUNPATH_SEARCH_PATHS = "@executable_path/Frameworks";
				"LD_RUNPATH_SEARCH_PATHS[sdk=macosx*]" = "@executable_path/../Frameworks";
				MACOSX_DEPLOYMENT_TARGET = 14.4;
				MARKETING_VERSION = 1.0;
				PRODUCT_BUNDLE_IDENTIFIER = "xyz.rogertjr.Pokemon-MVVM";
				PRODUCT_NAME = "$(TARGET_NAME)";
				SDKROOT = auto;
				SUPPORTED_PLATFORMS = "iphoneos iphonesimulator macosx";
				SWIFT_EMIT_LOC_STRINGS = YES;
				SWIFT_VERSION = 5.0;
				TARGETED_DEVICE_FAMILY = "1,2";
			};
			name = Release;
		};
/* End XCBuildConfiguration section */

/* Begin XCConfigurationList section */
		D9B6039B2BF5277D007FBD16 /* Build configuration list for PBXProject "Pokemon-MVVM" */ = {
			isa = XCConfigurationList;
			buildConfigurations = (
				D9B603AD2BF5277E007FBD16 /* Debug */,
				D9B603AE2BF5277E007FBD16 /* Release */,
			);
			defaultConfigurationIsVisible = 0;
			defaultConfigurationName = Release;
		};
		D9B603AF2BF5277E007FBD16 /* Build configuration list for PBXNativeTarget "Pokemon-MVVM" */ = {
			isa = XCConfigurationList;
			buildConfigurations = (
				D9B603B02BF5277E007FBD16 /* Debug */,
				D9B603B12BF5277E007FBD16 /* Release */,
			);
			defaultConfigurationIsVisible = 0;
			defaultConfigurationName = Release;
		};
/* End XCConfigurationList section */
	};
	rootObject = D9B603982BF5277D007FBD16 /* Project object */;
}
